// !$*UTF8*$!
{
	archiveVersion = 1;
	classes = {
	};
	objectVersion = 56;
	objects = {

/* Begin PBXBuildFile section */
		F35FE05A2CC6B1EC00667F52 /* SelfieValidatorFramework.h in Headers */ = {isa = PBXBuildFile; fileRef = F35FE0592CC6B1EC00667F52 /* SelfieValidatorFramework.h */; settings = {ATTRIBUTES = (Public, ); }; };
		F35FE0752CC6B27D00667F52 /* CameraViewController.swift in Sources */ = {isa = PBXBuildFile; fileRef = F35FE0602CC6B27D00667F52 /* CameraViewController.swift */; };
		F35FE0762CC6B27D00667F52 /* CapturedImageViewController.swift in Sources */ = {isa = PBXBuildFile; fileRef = F35FE0612CC6B27D00667F52 /* CapturedImageViewController.swift */; };
		F35FE0772CC6B27D00667F52 /* CameraManager.swift in Sources */ = {isa = PBXBuildFile; fileRef = F35FE0632CC6B27D00667F52 /* CameraManager.swift */; };
		F35FE0782CC6B27D00667F52 /* CameraManagerDelegate.swift in Sources */ = {isa = PBXBuildFile; fileRef = F35FE0642CC6B27D00667F52 /* CameraManagerDelegate.swift */; };
		F35FE0792CC6B27D00667F52 /* CameraManagerError.swift in Sources */ = {isa = PBXBuildFile; fileRef = F35FE0652CC6B27D00667F52 /* CameraManagerError.swift */; };
		F35FE07A2CC6B27D00667F52 /* CameraManagerHelper.swift in Sources */ = {isa = PBXBuildFile; fileRef = F35FE0662CC6B27D00667F52 /* CameraManagerHelper.swift */; };
		F35FE07B2CC6B27D00667F52 /* FaceDetectionError.swift in Sources */ = {isa = PBXBuildFile; fileRef = F35FE0682CC6B27D00667F52 /* FaceDetectionError.swift */; };
		F35FE07C2CC6B27D00667F52 /* FaceDetectionManager.swift in Sources */ = {isa = PBXBuildFile; fileRef = F35FE0692CC6B27D00667F52 /* FaceDetectionManager.swift */; };
		F35FE07D2CC6B27D00667F52 /* FaceDetectionManagerHelper.swift in Sources */ = {isa = PBXBuildFile; fileRef = F35FE06A2CC6B27D00667F52 /* FaceDetectionManagerHelper.swift */; };
		F35FE07E2CC6B27D00667F52 /* SelfieValidatorError.swift in Sources */ = {isa = PBXBuildFile; fileRef = F35FE06C2CC6B27D00667F52 /* SelfieValidatorError.swift */; };
		F35FE07F2CC6B27D00667F52 /* SelfieValidatorManager.swift in Sources */ = {isa = PBXBuildFile; fileRef = F35FE06D2CC6B27D00667F52 /* SelfieValidatorManager.swift */; };
		F35FE0802CC6B27D00667F52 /* SelfieValidatorManagerDelegate.swift in Sources */ = {isa = PBXBuildFile; fileRef = F35FE06E2CC6B27D00667F52 /* SelfieValidatorManagerDelegate.swift */; };
		F35FE0812CC6B27D00667F52 /* SelfieValidatorManagerHelper.swift in Sources */ = {isa = PBXBuildFile; fileRef = F35FE06F2CC6B27D00667F52 /* SelfieValidatorManagerHelper.swift */; };
		F35FE0822CC6B27D00667F52 /* Configurations.swift in Sources */ = {isa = PBXBuildFile; fileRef = F35FE0722CC6B27D00667F52 /* Configurations.swift */; };
		F35FE0832CC6B27D00667F52 /* SelfieValidatorDelegate.swift in Sources */ = {isa = PBXBuildFile; fileRef = F35FE0732CC6B27D00667F52 /* SelfieValidatorDelegate.swift */; };
/* End PBXBuildFile section */

/* Begin PBXFileReference section */
		F35FE0562CC6B1EC00667F52 /* SelfieValidatorFramework.framework */ = {isa = PBXFileReference; explicitFileType = wrapper.framework; includeInIndex = 0; path = SelfieValidatorFramework.framework; sourceTree = BUILT_PRODUCTS_DIR; };
		F35FE0592CC6B1EC00667F52 /* SelfieValidatorFramework.h */ = {isa = PBXFileReference; lastKnownFileType = sourcecode.c.h; path = SelfieValidatorFramework.h; sourceTree = "<group>"; };
		F35FE0602CC6B27D00667F52 /* CameraViewController.swift */ = {isa = PBXFileReference; fileEncoding = 4; lastKnownFileType = sourcecode.swift; path = CameraViewController.swift; sourceTree = "<group>"; };
		F35FE0612CC6B27D00667F52 /* CapturedImageViewController.swift */ = {isa = PBXFileReference; fileEncoding = 4; lastKnownFileType = sourcecode.swift; path = CapturedImageViewController.swift; sourceTree = "<group>"; };
		F35FE0632CC6B27D00667F52 /* CameraManager.swift */ = {isa = PBXFileReference; fileEncoding = 4; lastKnownFileType = sourcecode.swift; path = CameraManager.swift; sourceTree = "<group>"; };
		F35FE0642CC6B27D00667F52 /* CameraManagerDelegate.swift */ = {isa = PBXFileReference; fileEncoding = 4; lastKnownFileType = sourcecode.swift; path = CameraManagerDelegate.swift; sourceTree = "<group>"; };
		F35FE0652CC6B27D00667F52 /* CameraManagerError.swift */ = {isa = PBXFileReference; fileEncoding = 4; lastKnownFileType = sourcecode.swift; path = CameraManagerError.swift; sourceTree = "<group>"; };
		F35FE0662CC6B27D00667F52 /* CameraManagerHelper.swift */ = {isa = PBXFileReference; fileEncoding = 4; lastKnownFileType = sourcecode.swift; path = CameraManagerHelper.swift; sourceTree = "<group>"; };
		F35FE0682CC6B27D00667F52 /* FaceDetectionError.swift */ = {isa = PBXFileReference; fileEncoding = 4; lastKnownFileType = sourcecode.swift; path = FaceDetectionError.swift; sourceTree = "<group>"; };
		F35FE0692CC6B27D00667F52 /* FaceDetectionManager.swift */ = {isa = PBXFileReference; fileEncoding = 4; lastKnownFileType = sourcecode.swift; path = FaceDetectionManager.swift; sourceTree = "<group>"; };
		F35FE06A2CC6B27D00667F52 /* FaceDetectionManagerHelper.swift */ = {isa = PBXFileReference; fileEncoding = 4; lastKnownFileType = sourcecode.swift; path = FaceDetectionManagerHelper.swift; sourceTree = "<group>"; };
		F35FE06C2CC6B27D00667F52 /* SelfieValidatorError.swift */ = {isa = PBXFileReference; fileEncoding = 4; lastKnownFileType = sourcecode.swift; path = SelfieValidatorError.swift; sourceTree = "<group>"; };
		F35FE06D2CC6B27D00667F52 /* SelfieValidatorManager.swift */ = {isa = PBXFileReference; fileEncoding = 4; lastKnownFileType = sourcecode.swift; path = SelfieValidatorManager.swift; sourceTree = "<group>"; };
		F35FE06E2CC6B27D00667F52 /* SelfieValidatorManagerDelegate.swift */ = {isa = PBXFileReference; fileEncoding = 4; lastKnownFileType = sourcecode.swift; path = SelfieValidatorManagerDelegate.swift; sourceTree = "<group>"; };
		F35FE06F2CC6B27D00667F52 /* SelfieValidatorManagerHelper.swift */ = {isa = PBXFileReference; fileEncoding = 4; lastKnownFileType = sourcecode.swift; path = SelfieValidatorManagerHelper.swift; sourceTree = "<group>"; };
		F35FE0722CC6B27D00667F52 /* Configurations.swift */ = {isa = PBXFileReference; fileEncoding = 4; lastKnownFileType = sourcecode.swift; path = Configurations.swift; sourceTree = "<group>"; };
		F35FE0732CC6B27D00667F52 /* SelfieValidatorDelegate.swift */ = {isa = PBXFileReference; fileEncoding = 4; lastKnownFileType = sourcecode.swift; path = SelfieValidatorDelegate.swift; sourceTree = "<group>"; };
/* End PBXFileReference section */

/* Begin PBXFrameworksBuildPhase section */
		F35FE0532CC6B1EC00667F52 /* Frameworks */ = {
			isa = PBXFrameworksBuildPhase;
			buildActionMask = 2147483647;
			files = (
			);
			runOnlyForDeploymentPostprocessing = 0;
		};
/* End PBXFrameworksBuildPhase section */

/* Begin PBXGroup section */
		F35FE04C2CC6B1EC00667F52 = {
			isa = PBXGroup;
			children = (
				F35FE0582CC6B1EC00667F52 /* SelfieValidatorFramework */,
				F35FE0572CC6B1EC00667F52 /* Products */,
			);
			sourceTree = "<group>";
		};
		F35FE0572CC6B1EC00667F52 /* Products */ = {
			isa = PBXGroup;
			children = (
				F35FE0562CC6B1EC00667F52 /* SelfieValidatorFramework.framework */,
			);
			name = Products;
			sourceTree = "<group>";
		};
		F35FE0582CC6B1EC00667F52 /* SelfieValidatorFramework */ = {
			isa = PBXGroup;
			children = (
				F35FE0742CC6B27D00667F52 /* Configuration */,
				F35FE0712CC6B27D00667F52 /* Core */,
				F35FE0622CC6B27D00667F52 /* Scenes */,
				F35FE0592CC6B1EC00667F52 /* SelfieValidatorFramework.h */,
			);
			path = SelfieValidatorFramework;
			sourceTree = "<group>";
		};
		F35FE0622CC6B27D00667F52 /* Scenes */ = {
			isa = PBXGroup;
			children = (
				F35FE0602CC6B27D00667F52 /* CameraViewController.swift */,
				F35FE0612CC6B27D00667F52 /* CapturedImageViewController.swift */,
			);
			path = Scenes;
			sourceTree = "<group>";
		};
		F35FE0672CC6B27D00667F52 /* Camera */ = {
			isa = PBXGroup;
			children = (
				F35FE0632CC6B27D00667F52 /* CameraManager.swift */,
				F35FE0642CC6B27D00667F52 /* CameraManagerDelegate.swift */,
				F35FE0652CC6B27D00667F52 /* CameraManagerError.swift */,
				F35FE0662CC6B27D00667F52 /* CameraManagerHelper.swift */,
			);
			path = Camera;
			sourceTree = "<group>";
		};
		F35FE06B2CC6B27D00667F52 /* FaceDetection */ = {
			isa = PBXGroup;
			children = (
				F35FE0682CC6B27D00667F52 /* FaceDetectionError.swift */,
				F35FE0692CC6B27D00667F52 /* FaceDetectionManager.swift */,
				F35FE06A2CC6B27D00667F52 /* FaceDetectionManagerHelper.swift */,
			);
			path = FaceDetection;
			sourceTree = "<group>";
		};
		F35FE0702CC6B27D00667F52 /* SelfieValidator */ = {
			isa = PBXGroup;
			children = (
				F35FE06C2CC6B27D00667F52 /* SelfieValidatorError.swift */,
				F35FE06D2CC6B27D00667F52 /* SelfieValidatorManager.swift */,
				F35FE06E2CC6B27D00667F52 /* SelfieValidatorManagerDelegate.swift */,
				F35FE06F2CC6B27D00667F52 /* SelfieValidatorManagerHelper.swift */,
			);
			path = SelfieValidator;
			sourceTree = "<group>";
		};
		F35FE0712CC6B27D00667F52 /* Core */ = {
			isa = PBXGroup;
			children = (
				F35FE0672CC6B27D00667F52 /* Camera */,
				F35FE06B2CC6B27D00667F52 /* FaceDetection */,
				F35FE0702CC6B27D00667F52 /* SelfieValidator */,
			);
			path = Core;
			sourceTree = "<group>";
		};
		F35FE0742CC6B27D00667F52 /* Configuration */ = {
			isa = PBXGroup;
			children = (
				F35FE0722CC6B27D00667F52 /* Configurations.swift */,
				F35FE0732CC6B27D00667F52 /* SelfieValidatorDelegate.swift */,
			);
			path = Configuration;
			sourceTree = "<group>";
		};
/* End PBXGroup section */

/* Begin PBXHeadersBuildPhase section */
		F35FE0512CC6B1EC00667F52 /* Headers */ = {
			isa = PBXHeadersBuildPhase;
			buildActionMask = 2147483647;
			files = (
				F35FE05A2CC6B1EC00667F52 /* SelfieValidatorFramework.h in Headers */,
			);
			runOnlyForDeploymentPostprocessing = 0;
		};
/* End PBXHeadersBuildPhase section */

/* Begin PBXNativeTarget section */
		F35FE0552CC6B1EC00667F52 /* SelfieValidatorFramework */ = {
			isa = PBXNativeTarget;
			buildConfigurationList = F35FE05D2CC6B1EC00667F52 /* Build configuration list for PBXNativeTarget "SelfieValidatorFramework" */;
			buildPhases = (
				F35FE0512CC6B1EC00667F52 /* Headers */,
				F35FE0522CC6B1EC00667F52 /* Sources */,
				F35FE0532CC6B1EC00667F52 /* Frameworks */,
				F35FE0542CC6B1EC00667F52 /* Resources */,
			);
			buildRules = (
			);
			dependencies = (
			);
			name = SelfieValidatorFramework;
			productName = SelfieValidatorFramework;
			productReference = F35FE0562CC6B1EC00667F52 /* SelfieValidatorFramework.framework */;
			productType = "com.apple.product-type.framework";
		};
/* End PBXNativeTarget section */

/* Begin PBXProject section */
		F35FE04D2CC6B1EC00667F52 /* Project object */ = {
			isa = PBXProject;
			attributes = {
				BuildIndependentTargetsInParallel = 1;
				LastUpgradeCheck = 1540;
				TargetAttributes = {
					F35FE0552CC6B1EC00667F52 = {
						CreatedOnToolsVersion = 15.4;
					};
				};
			};
			buildConfigurationList = F35FE0502CC6B1EC00667F52 /* Build configuration list for PBXProject "SelfieValidatorFramework" */;
			compatibilityVersion = "Xcode 14.0";
			developmentRegion = en;
			hasScannedForEncodings = 0;
			knownRegions = (
				en,
				Base,
			);
			mainGroup = F35FE04C2CC6B1EC00667F52;
			productRefGroup = F35FE0572CC6B1EC00667F52 /* Products */;
			projectDirPath = "";
			projectRoot = "";
			targets = (
				F35FE0552CC6B1EC00667F52 /* SelfieValidatorFramework */,
			);
		};
/* End PBXProject section */

/* Begin PBXResourcesBuildPhase section */
		F35FE0542CC6B1EC00667F52 /* Resources */ = {
			isa = PBXResourcesBuildPhase;
			buildActionMask = 2147483647;
			files = (
			);
			runOnlyForDeploymentPostprocessing = 0;
		};
/* End PBXResourcesBuildPhase section */

/* Begin PBXSourcesBuildPhase section */
		F35FE0522CC6B1EC00667F52 /* Sources */ = {
			isa = PBXSourcesBuildPhase;
			buildActionMask = 2147483647;
			files = (
				F35FE0822CC6B27D00667F52 /* Configurations.swift in Sources */,
				F35FE0762CC6B27D00667F52 /* CapturedImageViewController.swift in Sources */,
				F35FE0782CC6B27D00667F52 /* CameraManagerDelegate.swift in Sources */,
				F35FE0812CC6B27D00667F52 /* SelfieValidatorManagerHelper.swift in Sources */,
				F35FE07A2CC6B27D00667F52 /* CameraManagerHelper.swift in Sources */,
				F35FE07E2CC6B27D00667F52 /* SelfieValidatorError.swift in Sources */,
				F35FE07D2CC6B27D00667F52 /* FaceDetectionManagerHelper.swift in Sources */,
				F35FE07F2CC6B27D00667F52 /* SelfieValidatorManager.swift in Sources */,
				F35FE0772CC6B27D00667F52 /* CameraManager.swift in Sources */,
				F35FE07B2CC6B27D00667F52 /* FaceDetectionError.swift in Sources */,
				F35FE0752CC6B27D00667F52 /* CameraViewController.swift in Sources */,
				F35FE07C2CC6B27D00667F52 /* FaceDetectionManager.swift in Sources */,
				F35FE0792CC6B27D00667F52 /* CameraManagerError.swift in Sources */,
				F35FE0832CC6B27D00667F52 /* SelfieValidatorDelegate.swift in Sources */,
				F35FE0802CC6B27D00667F52 /* SelfieValidatorManagerDelegate.swift in Sources */,
			);
			runOnlyForDeploymentPostprocessing = 0;
		};
/* End PBXSourcesBuildPhase section */

/* Begin XCBuildConfiguration section */
		F35FE05B2CC6B1EC00667F52 /* Debug */ = {
			isa = XCBuildConfiguration;
			buildSettings = {
				ALWAYS_SEARCH_USER_PATHS = NO;
				ASSETCATALOG_COMPILER_GENERATE_SWIFT_ASSET_SYMBOL_EXTENSIONS = YES;
				CLANG_ANALYZER_NONNULL = YES;
				CLANG_ANALYZER_NUMBER_OBJECT_CONVERSION = YES_AGGRESSIVE;
				CLANG_CXX_LANGUAGE_STANDARD = "gnu++20";
				CLANG_ENABLE_MODULES = YES;
				CLANG_ENABLE_OBJC_ARC = YES;
				CLANG_ENABLE_OBJC_WEAK = YES;
				CLANG_WARN_BLOCK_CAPTURE_AUTORELEASING = YES;
				CLANG_WARN_BOOL_CONVERSION = YES;
				CLANG_WARN_COMMA = YES;
				CLANG_WARN_CONSTANT_CONVERSION = YES;
				CLANG_WARN_DEPRECATED_OBJC_IMPLEMENTATIONS = YES;
				CLANG_WARN_DIRECT_OBJC_ISA_USAGE = YES_ERROR;
				CLANG_WARN_DOCUMENTATION_COMMENTS = YES;
				CLANG_WARN_EMPTY_BODY = YES;
				CLANG_WARN_ENUM_CONVERSION = YES;
				CLANG_WARN_INFINITE_RECURSION = YES;
				CLANG_WARN_INT_CONVERSION = YES;
				CLANG_WARN_NON_LITERAL_NULL_CONVERSION = YES;
				CLANG_WARN_OBJC_IMPLICIT_RETAIN_SELF = YES;
				CLANG_WARN_OBJC_LITERAL_CONVERSION = YES;
				CLANG_WARN_OBJC_ROOT_CLASS = YES_ERROR;
				CLANG_WARN_QUOTED_INCLUDE_IN_FRAMEWORK_HEADER = YES;
				CLANG_WARN_RANGE_LOOP_ANALYSIS = YES;
				CLANG_WARN_STRICT_PROTOTYPES = YES;
				CLANG_WARN_SUSPICIOUS_MOVE = YES;
				CLANG_WARN_UNGUARDED_AVAILABILITY = YES_AGGRESSIVE;
				CLANG_WARN_UNREACHABLE_CODE = YES;
				CLANG_WARN__DUPLICATE_METHOD_MATCH = YES;
				COPY_PHASE_STRIP = NO;
				CURRENT_PROJECT_VERSION = 1;
				DEBUG_INFORMATION_FORMAT = dwarf;
				ENABLE_STRICT_OBJC_MSGSEND = YES;
				ENABLE_TESTABILITY = YES;
				ENABLE_USER_SCRIPT_SANDBOXING = YES;
				GCC_C_LANGUAGE_STANDARD = gnu17;
				GCC_DYNAMIC_NO_PIC = NO;
				GCC_NO_COMMON_BLOCKS = YES;
				GCC_OPTIMIZATION_LEVEL = 0;
				GCC_PREPROCESSOR_DEFINITIONS = (
					"DEBUG=1",
					"$(inherited)",
				);
				GCC_WARN_64_TO_32_BIT_CONVERSION = YES;
				GCC_WARN_ABOUT_RETURN_TYPE = YES_ERROR;
				GCC_WARN_UNDECLARED_SELECTOR = YES;
				GCC_WARN_UNINITIALIZED_AUTOS = YES_AGGRESSIVE;
				GCC_WARN_UNUSED_FUNCTION = YES;
				GCC_WARN_UNUSED_VARIABLE = YES;
				IPHONEOS_DEPLOYMENT_TARGET = 17.5;
				LOCALIZATION_PREFERS_STRING_CATALOGS = YES;
				MTL_ENABLE_DEBUG_INFO = INCLUDE_SOURCE;
				MTL_FAST_MATH = YES;
				ONLY_ACTIVE_ARCH = YES;
				SDKROOT = iphoneos;
				SWIFT_ACTIVE_COMPILATION_CONDITIONS = "DEBUG $(inherited)";
				SWIFT_OPTIMIZATION_LEVEL = "-Onone";
				VERSIONING_SYSTEM = "apple-generic";
				VERSION_INFO_PREFIX = "";
			};
			name = Debug;
		};
		F35FE05C2CC6B1EC00667F52 /* Release */ = {
			isa = XCBuildConfiguration;
			buildSettings = {
				ALWAYS_SEARCH_USER_PATHS = NO;
				ASSETCATALOG_COMPILER_GENERATE_SWIFT_ASSET_SYMBOL_EXTENSIONS = YES;
				CLANG_ANALYZER_NONNULL = YES;
				CLANG_ANALYZER_NUMBER_OBJECT_CONVERSION = YES_AGGRESSIVE;
				CLANG_CXX_LANGUAGE_STANDARD = "gnu++20";
				CLANG_ENABLE_MODULES = YES;
				CLANG_ENABLE_OBJC_ARC = YES;
				CLANG_ENABLE_OBJC_WEAK = YES;
				CLANG_WARN_BLOCK_CAPTURE_AUTORELEASING = YES;
				CLANG_WARN_BOOL_CONVERSION = YES;
				CLANG_WARN_COMMA = YES;
				CLANG_WARN_CONSTANT_CONVERSION = YES;
				CLANG_WARN_DEPRECATED_OBJC_IMPLEMENTATIONS = YES;
				CLANG_WARN_DIRECT_OBJC_ISA_USAGE = YES_ERROR;
				CLANG_WARN_DOCUMENTATION_COMMENTS = YES;
				CLANG_WARN_EMPTY_BODY = YES;
				CLANG_WARN_ENUM_CONVERSION = YES;
				CLANG_WARN_INFINITE_RECURSION = YES;
				CLANG_WARN_INT_CONVERSION = YES;
				CLANG_WARN_NON_LITERAL_NULL_CONVERSION = YES;
				CLANG_WARN_OBJC_IMPLICIT_RETAIN_SELF = YES;
				CLANG_WARN_OBJC_LITERAL_CONVERSION = YES;
				CLANG_WARN_OBJC_ROOT_CLASS = YES_ERROR;
				CLANG_WARN_QUOTED_INCLUDE_IN_FRAMEWORK_HEADER = YES;
				CLANG_WARN_RANGE_LOOP_ANALYSIS = YES;
				CLANG_WARN_STRICT_PROTOTYPES = YES;
				CLANG_WARN_SUSPICIOUS_MOVE = YES;
				CLANG_WARN_UNGUARDED_AVAILABILITY = YES_AGGRESSIVE;
				CLANG_WARN_UNREACHABLE_CODE = YES;
				CLANG_WARN__DUPLICATE_METHOD_MATCH = YES;
				COPY_PHASE_STRIP = NO;
				CURRENT_PROJECT_VERSION = 1;
				DEBUG_INFORMATION_FORMAT = "dwarf-with-dsym";
				ENABLE_NS_ASSERTIONS = NO;
				ENABLE_STRICT_OBJC_MSGSEND = YES;
				ENABLE_USER_SCRIPT_SANDBOXING = YES;
				GCC_C_LANGUAGE_STANDARD = gnu17;
				GCC_NO_COMMON_BLOCKS = YES;
				GCC_WARN_64_TO_32_BIT_CONVERSION = YES;
				GCC_WARN_ABOUT_RETURN_TYPE = YES_ERROR;
				GCC_WARN_UNDECLARED_SELECTOR = YES;
				GCC_WARN_UNINITIALIZED_AUTOS = YES_AGGRESSIVE;
				GCC_WARN_UNUSED_FUNCTION = YES;
				GCC_WARN_UNUSED_VARIABLE = YES;
				IPHONEOS_DEPLOYMENT_TARGET = 17.5;
				LOCALIZATION_PREFERS_STRING_CATALOGS = YES;
				MTL_ENABLE_DEBUG_INFO = NO;
				MTL_FAST_MATH = YES;
				SDKROOT = iphoneos;
				SWIFT_COMPILATION_MODE = wholemodule;
				VALIDATE_PRODUCT = YES;
				VERSIONING_SYSTEM = "apple-generic";
				VERSION_INFO_PREFIX = "";
			};
			name = Release;
		};
		F35FE05E2CC6B1EC00667F52 /* Debug */ = {
			isa = XCBuildConfiguration;
			buildSettings = {
				BUILD_LIBRARY_FOR_DISTRIBUTION = YES;
				CODE_SIGN_STYLE = Automatic;
				CURRENT_PROJECT_VERSION = 1;
				DEFINES_MODULE = YES;
				DEVELOPMENT_TEAM = 283YJN6A58;
				DYLIB_COMPATIBILITY_VERSION = 1;
				DYLIB_CURRENT_VERSION = 1;
				DYLIB_INSTALL_NAME_BASE = "@rpath";
				ENABLE_MODULE_VERIFIER = YES;
				GENERATE_INFOPLIST_FILE = YES;
				INFOPLIST_KEY_NSHumanReadableCopyright = "";
				INSTALL_PATH = "$(LOCAL_LIBRARY_DIR)/Frameworks";
				IPHONEOS_DEPLOYMENT_TARGET = 16.0;
				LD_RUNPATH_SEARCH_PATHS = (
					"$(inherited)",
					"@executable_path/Frameworks",
					"@loader_path/Frameworks",
				);
				MARKETING_VERSION = 1.0;
				MODULE_VERIFIER_SUPPORTED_LANGUAGES = "objective-c objective-c++";
				MODULE_VERIFIER_SUPPORTED_LANGUAGE_STANDARDS = "gnu17 gnu++20";
				PRODUCT_BUNDLE_IDENTIFIER = com.AhmedAttalla.SelfieValidatorFramework;
				PRODUCT_NAME = "$(TARGET_NAME:c99extidentifier)";
				SKIP_INSTALL = YES;
				SWIFT_EMIT_LOC_STRINGS = YES;
				SWIFT_INSTALL_OBJC_HEADER = NO;
				SWIFT_VERSION = 5.0;
				TARGETED_DEVICE_FAMILY = "1,2";
			};
			name = Debug;
		};
		F35FE05F2CC6B1EC00667F52 /* Release */ = {
			isa = XCBuildConfiguration;
			buildSettings = {
				BUILD_LIBRARY_FOR_DISTRIBUTION = YES;
				CODE_SIGN_STYLE = Automatic;
				CURRENT_PROJECT_VERSION = 1;
				DEFINES_MODULE = YES;
				DEVELOPMENT_TEAM = 283YJN6A58;
				DYLIB_COMPATIBILITY_VERSION = 1;
				DYLIB_CURRENT_VERSION = 1;
				DYLIB_INSTALL_NAME_BASE = "@rpath";
				ENABLE_MODULE_VERIFIER = YES;
				GENERATE_INFOPLIST_FILE = YES;
				INFOPLIST_KEY_NSHumanReadableCopyright = "";
				INSTALL_PATH = "$(LOCAL_LIBRARY_DIR)/Frameworks";
				IPHONEOS_DEPLOYMENT_TARGET = 16.0;
				LD_RUNPATH_SEARCH_PATHS = (
					"$(inherited)",
					"@executable_path/Frameworks",
					"@loader_path/Frameworks",
				);
				MARKETING_VERSION = 1.0;
				MODULE_VERIFIER_SUPPORTED_LANGUAGES = "objective-c objective-c++";
				MODULE_VERIFIER_SUPPORTED_LANGUAGE_STANDARDS = "gnu17 gnu++20";
				PRODUCT_BUNDLE_IDENTIFIER = com.AhmedAttalla.SelfieValidatorFramework;
				PRODUCT_NAME = "$(TARGET_NAME:c99extidentifier)";
				SKIP_INSTALL = YES;
				SWIFT_EMIT_LOC_STRINGS = YES;
				SWIFT_INSTALL_OBJC_HEADER = NO;
				SWIFT_VERSION = 5.0;
				TARGETED_DEVICE_FAMILY = "1,2";
			};
			name = Release;
		};
/* End XCBuildConfiguration section */

/* Begin XCConfigurationList section */
		F35FE0502CC6B1EC00667F52 /* Build configuration list for PBXProject "SelfieValidatorFramework" */ = {
			isa = XCConfigurationList;
			buildConfigurations = (
				F35FE05B2CC6B1EC00667F52 /* Debug */,
				F35FE05C2CC6B1EC00667F52 /* Release */,
			);
			defaultConfigurationIsVisible = 0;
			defaultConfigurationName = Release;
		};
		F35FE05D2CC6B1EC00667F52 /* Build configuration list for PBXNativeTarget "SelfieValidatorFramework" */ = {
			isa = XCConfigurationList;
			buildConfigurations = (
				F35FE05E2CC6B1EC00667F52 /* Debug */,
				F35FE05F2CC6B1EC00667F52 /* Release */,
			);
			defaultConfigurationIsVisible = 0;
			defaultConfigurationName = Release;
		};
/* End XCConfigurationList section */
	};
	rootObject = F35FE04D2CC6B1EC00667F52 /* Project object */;
}
