// !$*UTF8*$!
{
	archiveVersion = 1;
	classes = {
	};
	objectVersion = 56;
	objects = {

/* Begin PBXBuildFile section */
		F35FE0392CC6B19F00667F52 /* AppDelegate.swift in Sources */ = {isa = PBXBuildFile; fileRef = F35FE0382CC6B19F00667F52 /* AppDelegate.swift */; };
		F35FE03B2CC6B19F00667F52 /* SceneDelegate.swift in Sources */ = {isa = PBXBuildFile; fileRef = F35FE03A2CC6B19F00667F52 /* SceneDelegate.swift */; };
		F35FE03D2CC6B19F00667F52 /* ViewController.swift in Sources */ = {isa = PBXBuildFile; fileRef = F35FE03C2CC6B19F00667F52 /* ViewController.swift */; };
		F35FE0402CC6B19F00667F52 /* Base in Resources */ = {isa = PBXBuildFile; fileRef = F35FE03F2CC6B19F00667F52 /* Base */; };
		F35FE0422CC6B1A000667F52 /* Assets.xcassets in Resources */ = {isa = PBXBuildFile; fileRef = F35FE0412CC6B1A000667F52 /* Assets.xcassets */; };
		F35FE0452CC6B1A000667F52 /* Base in Resources */ = {isa = PBXBuildFile; fileRef = F35FE0442CC6B1A000667F52 /* Base */; };
		F39F153F2CC6B361007CC1AF /* SelfieValidatorFramework.framework in Frameworks */ = {isa = PBXBuildFile; fileRef = F39F153E2CC6B361007CC1AF /* SelfieValidatorFramework.framework */; };
		F39F15402CC6B361007CC1AF /* SelfieValidatorFramework.framework in Embed Frameworks */ = {isa = PBXBuildFile; fileRef = F39F153E2CC6B361007CC1AF /* SelfieValidatorFramework.framework */; settings = {ATTRIBUTES = (CodeSignOnCopy, RemoveHeadersOnCopy, ); }; };
/* End PBXBuildFile section */

/* Begin PBXCopyFilesBuildPhase section */
		F39F15412CC6B361007CC1AF /* Embed Frameworks */ = {
			isa = PBXCopyFilesBuildPhase;
			buildActionMask = 2147483647;
			dstPath = "";
			dstSubfolderSpec = 10;
			files = (
				F39F15402CC6B361007CC1AF /* SelfieValidatorFramework.framework in Embed Frameworks */,
			);
			name = "Embed Frameworks";
			runOnlyForDeploymentPostprocessing = 0;
		};
/* End PBXCopyFilesBuildPhase section */

/* Begin PBXFileReference section */
		F35FE0352CC6B19F00667F52 /* SelfieValidatorDemo.app */ = {isa = PBXFileReference; explicitFileType = wrapper.application; includeInIndex = 0; path = SelfieValidatorDemo.app; sourceTree = BUILT_PRODUCTS_DIR; };
		F35FE0382CC6B19F00667F52 /* AppDelegate.swift */ = {isa = PBXFileReference; lastKnownFileType = sourcecode.swift; path = AppDelegate.swift; sourceTree = "<group>"; };
		F35FE03A2CC6B19F00667F52 /* SceneDelegate.swift */ = {isa = PBXFileReference; lastKnownFileType = sourcecode.swift; path = SceneDelegate.swift; sourceTree = "<group>"; };
		F35FE03C2CC6B19F00667F52 /* ViewController.swift */ = {isa = PBXFileReference; lastKnownFileType = sourcecode.swift; path = ViewController.swift; sourceTree = "<group>"; };
		F35FE03F2CC6B19F00667F52 /* Base */ = {isa = PBXFileReference; lastKnownFileType = file.storyboard; name = Base; path = Base.lproj/Main.storyboard; sourceTree = "<group>"; };
		F35FE0412CC6B1A000667F52 /* Assets.xcassets */ = {isa = PBXFileReference; lastKnownFileType = folder.assetcatalog; path = Assets.xcassets; sourceTree = "<group>"; };
		F35FE0442CC6B1A000667F52 /* Base */ = {isa = PBXFileReference; lastKnownFileType = file.storyboard; name = Base; path = Base.lproj/LaunchScreen.storyboard; sourceTree = "<group>"; };
		F35FE0462CC6B1A000667F52 /* Info.plist */ = {isa = PBXFileReference; lastKnownFileType = text.plist.xml; path = Info.plist; sourceTree = "<group>"; };
		F39F153E2CC6B361007CC1AF /* SelfieValidatorFramework.framework */ = {isa = PBXFileReference; explicitFileType = wrapper.framework; path = SelfieValidatorFramework.framework; sourceTree = BUILT_PRODUCTS_DIR; };
/* End PBXFileReference section */

/* Begin PBXFrameworksBuildPhase section */
		F35FE0322CC6B19F00667F52 /* Frameworks */ = {
			isa = PBXFrameworksBuildPhase;
			buildActionMask = 2147483647;
			files = (
				F39F153F2CC6B361007CC1AF /* SelfieValidatorFramework.framework in Frameworks */,
			);
			runOnlyForDeploymentPostprocessing = 0;
		};
/* End PBXFrameworksBuildPhase section */

/* Begin PBXGroup section */
		F35FE02C2CC6B19F00667F52 = {
			isa = PBXGroup;
			children = (
				F35FE0372CC6B19F00667F52 /* SelfieValidatorDemo */,
				F39F153D2CC6B361007CC1AF /* Frameworks */,
				F35FE0362CC6B19F00667F52 /* Products */,
			);
			sourceTree = "<group>";
		};
		F35FE0362CC6B19F00667F52 /* Products */ = {
			isa = PBXGroup;
			children = (
				F35FE0352CC6B19F00667F52 /* SelfieValidatorDemo.app */,
			);
			name = Products;
			sourceTree = "<group>";
		};
		F35FE0372CC6B19F00667F52 /* SelfieValidatorDemo */ = {
			isa = PBXGroup;
			children = (
				F35FE0382CC6B19F00667F52 /* AppDelegate.swift */,
				F35FE03A2CC6B19F00667F52 /* SceneDelegate.swift */,
				F35FE03C2CC6B19F00667F52 /* ViewController.swift */,
				F35FE03E2CC6B19F00667F52 /* Main.storyboard */,
				F35FE0412CC6B1A000667F52 /* Assets.xcassets */,
				F35FE0432CC6B1A000667F52 /* LaunchScreen.storyboard */,
				F35FE0462CC6B1A000667F52 /* Info.plist */,
			);
			path = SelfieValidatorDemo;
			sourceTree = "<group>";
		};
		F39F153D2CC6B361007CC1AF /* Frameworks */ = {
			isa = PBXGroup;
			children = (
				F39F153E2CC6B361007CC1AF /* SelfieValidatorFramework.framework */,
			);
			name = Frameworks;
			sourceTree = "<group>";
		};
/* End PBXGroup section */

/* Begin PBXNativeTarget section */
		F35FE0342CC6B19F00667F52 /* SelfieValidatorDemo */ = {
			isa = PBXNativeTarget;
			buildConfigurationList = F35FE0492CC6B1A000667F52 /* Build configuration list for PBXNativeTarget "SelfieValidatorDemo" */;
			buildPhases = (
				F35FE0312CC6B19F00667F52 /* Sources */,
				F35FE0322CC6B19F00667F52 /* Frameworks */,
				F35FE0332CC6B19F00667F52 /* Resources */,
				F39F15412CC6B361007CC1AF /* Embed Frameworks */,
			);
			buildRules = (
			);
			dependencies = (
			);
			name = SelfieValidatorDemo;
			productName = SelfieValidatorDemo;
			productReference = F35FE0352CC6B19F00667F52 /* SelfieValidatorDemo.app */;
			productType = "com.apple.product-type.application";
		};
/* End PBXNativeTarget section */

/* Begin PBXProject section */
		F35FE02D2CC6B19F00667F52 /* Project object */ = {
			isa = PBXProject;
			attributes = {
				BuildIndependentTargetsInParallel = 1;
				LastSwiftUpdateCheck = 1540;
				LastUpgradeCheck = 1540;
				TargetAttributes = {
					F35FE0342CC6B19F00667F52 = {
						CreatedOnToolsVersion = 15.4;
					};
				};
			};
			buildConfigurationList = F35FE0302CC6B19F00667F52 /* Build configuration list for PBXProject "SelfieValidatorDemo" */;
			compatibilityVersion = "Xcode 14.0";
			developmentRegion = en;
			hasScannedForEncodings = 0;
			knownRegions = (
				en,
				Base,
			);
			mainGroup = F35FE02C2CC6B19F00667F52;
			productRefGroup = F35FE0362CC6B19F00667F52 /* Products */;
			projectDirPath = "";
			projectRoot = "";
			targets = (
				F35FE0342CC6B19F00667F52 /* SelfieValidatorDemo */,
			);
		};
/* End PBXProject section */

/* Begin PBXResourcesBuildPhase section */
		F35FE0332CC6B19F00667F52 /* Resources */ = {
			isa = PBXResourcesBuildPhase;
			buildActionMask = 2147483647;
			files = (
				F35FE0422CC6B1A000667F52 /* Assets.xcassets in Resources */,
				F35FE0452CC6B1A000667F52 /* Base in Resources */,
				F35FE0402CC6B19F00667F52 /* Base in Resources */,
			);
			runOnlyForDeploymentPostprocessing = 0;
		};
/* End PBXResourcesBuildPhase section */

/* Begin PBXSourcesBuildPhase section */
		F35FE0312CC6B19F00667F52 /* Sources */ = {
			isa = PBXSourcesBuildPhase;
			buildActionMask = 2147483647;
			files = (
				F35FE03D2CC6B19F00667F52 /* ViewController.swift in Sources */,
				F35FE0392CC6B19F00667F52 /* AppDelegate.swift in Sources */,
				F35FE03B2CC6B19F00667F52 /* SceneDelegate.swift in Sources */,
			);
			runOnlyForDeploymentPostprocessing = 0;
		};
/* End PBXSourcesBuildPhase section */

/* Begin PBXVariantGroup section */
		F35FE03E2CC6B19F00667F52 /* Main.storyboard */ = {
			isa = PBXVariantGroup;
			children = (
				F35FE03F2CC6B19F00667F52 /* Base */,
			);
			name = Main.storyboard;
			sourceTree = "<group>";
		};
		F35FE0432CC6B1A000667F52 /* LaunchScreen.storyboard */ = {
			isa = PBXVariantGroup;
			children = (
				F35FE0442CC6B1A000667F52 /* Base */,
			);
			name = LaunchScreen.storyboard;
			sourceTree = "<group>";
		};
/* End PBXVariantGroup section */

/* Begin XCBuildConfiguration section */
		F35FE0472CC6B1A000667F52 /* Debug */ = {
			isa = XCBuildConfiguration;
			buildSettings = {
				ALWAYS_SEARCH_USER_PATHS = NO;
				ASSETCATALOG_COMPILER_GENERATE_SWIFT_ASSET_SYMBOL_EXTENSIONS = YES;
				CLANG_ANALYZER_NONNULL = YES;
				CLANG_ANALYZER_NUMBER_OBJECT_CONVERSION = YES_AGGRESSIVE;
				CLANG_CXX_LANGUAGE_STANDARD = "gnu++20";
				CLANG_ENABLE_MODULES = YES;
				CLANG_ENABLE_OBJC_ARC = YES;
				CLANG_ENABLE_OBJC_WEAK = YES;
				CLANG_WARN_BLOCK_CAPTURE_AUTORELEASING = YES;
				CLANG_WARN_BOOL_CONVERSION = YES;
				CLANG_WARN_COMMA = YES;
				CLANG_WARN_CONSTANT_CONVERSION = YES;
				CLANG_WARN_DEPRECATED_OBJC_IMPLEMENTATIONS = YES;
				CLANG_WARN_DIRECT_OBJC_ISA_USAGE = YES_ERROR;
				CLANG_WARN_DOCUMENTATION_COMMENTS = YES;
				CLANG_WARN_EMPTY_BODY = YES;
				CLANG_WARN_ENUM_CONVERSION = YES;
				CLANG_WARN_INFINITE_RECURSION = YES;
				CLANG_WARN_INT_CONVERSION = YES;
				CLANG_WARN_NON_LITERAL_NULL_CONVERSION = YES;
				CLANG_WARN_OBJC_IMPLICIT_RETAIN_SELF = YES;
				CLANG_WARN_OBJC_LITERAL_CONVERSION = YES;
				CLANG_WARN_OBJC_ROOT_CLASS = YES_ERROR;
				CLANG_WARN_QUOTED_INCLUDE_IN_FRAMEWORK_HEADER = YES;
				CLANG_WARN_RANGE_LOOP_ANALYSIS = YES;
				CLANG_WARN_STRICT_PROTOTYPES = YES;
				CLANG_WARN_SUSPICIOUS_MOVE = YES;
				CLANG_WARN_UNGUARDED_AVAILABILITY = YES_AGGRESSIVE;
				CLANG_WARN_UNREACHABLE_CODE = YES;
				CLANG_WARN__DUPLICATE_METHOD_MATCH = YES;
				COPY_PHASE_STRIP = NO;
				DEBUG_INFORMATION_FORMAT = dwarf;
				ENABLE_STRICT_OBJC_MSGSEND = YES;
				ENABLE_TESTABILITY = YES;
				ENABLE_USER_SCRIPT_SANDBOXING = YES;
				GCC_C_LANGUAGE_STANDARD = gnu17;
				GCC_DYNAMIC_NO_PIC = NO;
				GCC_NO_COMMON_BLOCKS = YES;
				GCC_OPTIMIZATION_LEVEL = 0;
				GCC_PREPROCESSOR_DEFINITIONS = (
					"DEBUG=1",
					"$(inherited)",
				);
				GCC_WARN_64_TO_32_BIT_CONVERSION = YES;
				GCC_WARN_ABOUT_RETURN_TYPE = YES_ERROR;
				GCC_WARN_UNDECLARED_SELECTOR = YES;
				GCC_WARN_UNINITIALIZED_AUTOS = YES_AGGRESSIVE;
				GCC_WARN_UNUSED_FUNCTION = YES;
				GCC_WARN_UNUSED_VARIABLE = YES;
				IPHONEOS_DEPLOYMENT_TARGET = 17.5;
				LOCALIZATION_PREFERS_STRING_CATALOGS = YES;
				MTL_ENABLE_DEBUG_INFO = INCLUDE_SOURCE;
				MTL_FAST_MATH = YES;
				ONLY_ACTIVE_ARCH = YES;
				SDKROOT = iphoneos;
				SWIFT_ACTIVE_COMPILATION_CONDITIONS = "DEBUG $(inherited)";
				SWIFT_OPTIMIZATION_LEVEL = "-Onone";
			};
			name = Debug;
		};
		F35FE0482CC6B1A000667F52 /* Release */ = {
			isa = XCBuildConfiguration;
			buildSettings = {
				ALWAYS_SEARCH_USER_PATHS = NO;
				ASSETCATALOG_COMPILER_GENERATE_SWIFT_ASSET_SYMBOL_EXTENSIONS = YES;
				CLANG_ANALYZER_NONNULL = YES;
				CLANG_ANALYZER_NUMBER_OBJECT_CONVERSION = YES_AGGRESSIVE;
				CLANG_CXX_LANGUAGE_STANDARD = "gnu++20";
				CLANG_ENABLE_MODULES = YES;
				CLANG_ENABLE_OBJC_ARC = YES;
				CLANG_ENABLE_OBJC_WEAK = YES;
				CLANG_WARN_BLOCK_CAPTURE_AUTORELEASING = YES;
				CLANG_WARN_BOOL_CONVERSION = YES;
				CLANG_WARN_COMMA = YES;
				CLANG_WARN_CONSTANT_CONVERSION = YES;
				CLANG_WARN_DEPRECATED_OBJC_IMPLEMENTATIONS = YES;
				CLANG_WARN_DIRECT_OBJC_ISA_USAGE = YES_ERROR;
				CLANG_WARN_DOCUMENTATION_COMMENTS = YES;
				CLANG_WARN_EMPTY_BODY = YES;
				CLANG_WARN_ENUM_CONVERSION = YES;
				CLANG_WARN_INFINITE_RECURSION = YES;
				CLANG_WARN_INT_CONVERSION = YES;
				CLANG_WARN_NON_LITERAL_NULL_CONVERSION = YES;
				CLANG_WARN_OBJC_IMPLICIT_RETAIN_SELF = YES;
				CLANG_WARN_OBJC_LITERAL_CONVERSION = YES;
				CLANG_WARN_OBJC_ROOT_CLASS = YES_ERROR;
				CLANG_WARN_QUOTED_INCLUDE_IN_FRAMEWORK_HEADER = YES;
				CLANG_WARN_RANGE_LOOP_ANALYSIS = YES;
				CLANG_WARN_STRICT_PROTOTYPES = YES;
				CLANG_WARN_SUSPICIOUS_MOVE = YES;
				CLANG_WARN_UNGUARDED_AVAILABILITY = YES_AGGRESSIVE;
				CLANG_WARN_UNREACHABLE_CODE = YES;
				CLANG_WARN__DUPLICATE_METHOD_MATCH = YES;
				COPY_PHASE_STRIP = NO;
				DEBUG_INFORMATION_FORMAT = "dwarf-with-dsym";
				ENABLE_NS_ASSERTIONS = NO;
				ENABLE_STRICT_OBJC_MSGSEND = YES;
				ENABLE_USER_SCRIPT_SANDBOXING = YES;
				GCC_C_LANGUAGE_STANDARD = gnu17;
				GCC_NO_COMMON_BLOCKS = YES;
				GCC_WARN_64_TO_32_BIT_CONVERSION = YES;
				GCC_WARN_ABOUT_RETURN_TYPE = YES_ERROR;
				GCC_WARN_UNDECLARED_SELECTOR = YES;
				GCC_WARN_UNINITIALIZED_AUTOS = YES_AGGRESSIVE;
				GCC_WARN_UNUSED_FUNCTION = YES;
				GCC_WARN_UNUSED_VARIABLE = YES;
				IPHONEOS_DEPLOYMENT_TARGET = 17.5;
				LOCALIZATION_PREFERS_STRING_CATALOGS = YES;
				MTL_ENABLE_DEBUG_INFO = NO;
				MTL_FAST_MATH = YES;
				SDKROOT = iphoneos;
				SWIFT_COMPILATION_MODE = wholemodule;
				VALIDATE_PRODUCT = YES;
			};
			name = Release;
		};
		F35FE04A2CC6B1A000667F52 /* Debug */ = {
			isa = XCBuildConfiguration;
			buildSettings = {
				ASSETCATALOG_COMPILER_APPICON_NAME = AppIcon;
				ASSETCATALOG_COMPILER_GLOBAL_ACCENT_COLOR_NAME = AccentColor;
				CODE_SIGN_STYLE = Automatic;
				CURRENT_PROJECT_VERSION = 1;
				DEVELOPMENT_TEAM = 283YJN6A58;
				GENERATE_INFOPLIST_FILE = YES;
				INFOPLIST_FILE = SelfieValidatorDemo/Info.plist;
				INFOPLIST_KEY_UIApplicationSupportsIndirectInputEvents = YES;
				INFOPLIST_KEY_UILaunchStoryboardName = LaunchScreen;
				INFOPLIST_KEY_UIMainStoryboardFile = Main;
				INFOPLIST_KEY_UISupportedInterfaceOrientations_iPad = "UIInterfaceOrientationPortrait UIInterfaceOrientationPortraitUpsideDown UIInterfaceOrientationLandscapeLeft UIInterfaceOrientationLandscapeRight";
				INFOPLIST_KEY_UISupportedInterfaceOrientations_iPhone = "UIInterfaceOrientationPortrait UIInterfaceOrientationLandscapeLeft UIInterfaceOrientationLandscapeRight";
				IPHONEOS_DEPLOYMENT_TARGET = 16.0;
				LD_RUNPATH_SEARCH_PATHS = (
					"$(inherited)",
					"@executable_path/Frameworks",
				);
				MARKETING_VERSION = 1.0;
				PRODUCT_BUNDLE_IDENTIFIER = com.AhmedAttalla.SelfieValidatorDemo;
				PRODUCT_NAME = "$(TARGET_NAME)";
				SWIFT_EMIT_LOC_STRINGS = YES;
				SWIFT_VERSION = 5.0;
				TARGETED_DEVICE_FAMILY = "1,2";
			};
			name = Debug;
		};
		F35FE04B2CC6B1A000667F52 /* Release */ = {
			isa = XCBuildConfiguration;
			buildSettings = {
				ASSETCATALOG_COMPILER_APPICON_NAME = AppIcon;
				ASSETCATALOG_COMPILER_GLOBAL_ACCENT_COLOR_NAME = AccentColor;
				CODE_SIGN_STYLE = Automatic;
				CURRENT_PROJECT_VERSION = 1;
				DEVELOPMENT_TEAM = 283YJN6A58;
				GENERATE_INFOPLIST_FILE = YES;
				INFOPLIST_FILE = SelfieValidatorDemo/Info.plist;
				INFOPLIST_KEY_UIApplicationSupportsIndirectInputEvents = YES;
				INFOPLIST_KEY_UILaunchStoryboardName = LaunchScreen;
				INFOPLIST_KEY_UIMainStoryboardFile = Main;
				INFOPLIST_KEY_UISupportedInterfaceOrientations_iPad = "UIInterfaceOrientationPortrait UIInterfaceOrientationPortraitUpsideDown UIInterfaceOrientationLandscapeLeft UIInterfaceOrientationLandscapeRight";
				INFOPLIST_KEY_UISupportedInterfaceOrientations_iPhone = "UIInterfaceOrientationPortrait UIInterfaceOrientationLandscapeLeft UIInterfaceOrientationLandscapeRight";
				IPHONEOS_DEPLOYMENT_TARGET = 16.0;
				LD_RUNPATH_SEARCH_PATHS = (
					"$(inherited)",
					"@executable_path/Frameworks",
				);
				MARKETING_VERSION = 1.0;
				PRODUCT_BUNDLE_IDENTIFIER = com.AhmedAttalla.SelfieValidatorDemo;
				PRODUCT_NAME = "$(TARGET_NAME)";
				SWIFT_EMIT_LOC_STRINGS = YES;
				SWIFT_VERSION = 5.0;
				TARGETED_DEVICE_FAMILY = "1,2";
			};
			name = Release;
		};
/* End XCBuildConfiguration section */

/* Begin XCConfigurationList section */
		F35FE0302CC6B19F00667F52 /* Build configuration list for PBXProject "SelfieValidatorDemo" */ = {
			isa = XCConfigurationList;
			buildConfigurations = (
				F35FE0472CC6B1A000667F52 /* Debug */,
				F35FE0482CC6B1A000667F52 /* Release */,
			);
			defaultConfigurationIsVisible = 0;
			defaultConfigurationName = Release;
		};
		F35FE0492CC6B1A000667F52 /* Build configuration list for PBXNativeTarget "SelfieValidatorDemo" */ = {
			isa = XCConfigurationList;
			buildConfigurations = (
				F35FE04A2CC6B1A000667F52 /* Debug */,
				F35FE04B2CC6B1A000667F52 /* Release */,
			);
			defaultConfigurationIsVisible = 0;
			defaultConfigurationName = Release;
		};
/* End XCConfigurationList section */
	};
	rootObject = F35FE02D2CC6B19F00667F52 /* Project object */;
}
